// !$*UTF8*$!
{
	archiveVersion = 1;
	classes = {
	};
	objectVersion = 52;
	objects = {

/* Begin PBXBuildFile section */
		AC1D449E21009EE9008E80B3 /* Cards.framework in Frameworks */ = {isa = PBXBuildFile; fileRef = AC1D449421009EE9008E80B3 /* Cards.framework */; };
		AC1D44A321009EE9008E80B3 /* CardsTests.swift in Sources */ = {isa = PBXBuildFile; fileRef = AC1D44A221009EE9008E80B3 /* CardsTests.swift */; };
		AC879B16238B996C005050B6 /* CardSlide.swift in Sources */ = {isa = PBXBuildFile; fileRef = AC879AD4238B996B005050B6 /* CardSlide.swift */; };
		AC879B17238B996C005050B6 /* CardState.swift in Sources */ = {isa = PBXBuildFile; fileRef = AC879AD5238B996B005050B6 /* CardState.swift */; };
		AC879B18238B996C005050B6 /* PlayingCardComparable.swift in Sources */ = {isa = PBXBuildFile; fileRef = AC879AD6238B996B005050B6 /* PlayingCardComparable.swift */; };
		AC879B19238B996C005050B6 /* CardPile.swift in Sources */ = {isa = PBXBuildFile; fileRef = AC879AD7238B996B005050B6 /* CardPile.swift */; };
		AC879B1A238B996C005050B6 /* CardStack.swift in Sources */ = {isa = PBXBuildFile; fileRef = AC879AD8238B996B005050B6 /* CardStack.swift */; };
		AC879B1B238B996C005050B6 /* PlayingCard.swift in Sources */ = {isa = PBXBuildFile; fileRef = AC879AD9238B996B005050B6 /* PlayingCard.swift */; };
		AC879B1C238B996C005050B6 /* CardSprite.swift in Sources */ = {isa = PBXBuildFile; fileRef = AC879ADA238B996B005050B6 /* CardSprite.swift */; };
		AC879B1D238B996C005050B6 /* CardSize.swift in Sources */ = {isa = PBXBuildFile; fileRef = AC879ADB238B996B005050B6 /* CardSize.swift */; };
		AC879B1E238B996C005050B6 /* CardSource.swift in Sources */ = {isa = PBXBuildFile; fileRef = AC879ADC238B996B005050B6 /* CardSource.swift */; };
		AC879B1F238B996C005050B6 /* CardFan.swift in Sources */ = {isa = PBXBuildFile; fileRef = AC879ADD238B996B005050B6 /* CardFan.swift */; };
		AC879B20238B996C005050B6 /* Cards.h in Headers */ = {isa = PBXBuildFile; fileRef = AC879ADE238B996B005050B6 /* Cards.h */; settings = {ATTRIBUTES = (Public, ); }; };
		AC879B21238B996C005050B6 /* CardPileType.swift in Sources */ = {isa = PBXBuildFile; fileRef = AC879ADF238B996B005050B6 /* CardPileType.swift */; };
		AC879B22238B996C005050B6 /* ExitScreen.swift in Sources */ = {isa = PBXBuildFile; fileRef = AC879AE1238B996B005050B6 /* ExitScreen.swift */; };
		AC879B23238B996C005050B6 /* PopupButton.swift in Sources */ = {isa = PBXBuildFile; fileRef = AC879AE2238B996B005050B6 /* PopupButton.swift */; };
		AC879B24238B996C005050B6 /* CardDisplayScreen.swift in Sources */ = {isa = PBXBuildFile; fileRef = AC879AE3238B996B005050B6 /* CardDisplayScreen.swift */; };
		AC879B25238B996C005050B6 /* Resizable.swift in Sources */ = {isa = PBXBuildFile; fileRef = AC879AE4238B996B005050B6 /* Resizable.swift */; };
		AC879B26238B996C005050B6 /* GameScene.swift in Sources */ = {isa = PBXBuildFile; fileRef = AC879AE5238B996B005050B6 /* GameScene.swift */; };
		AC879B27238B996C005050B6 /* RuleScreen.swift in Sources */ = {isa = PBXBuildFile; fileRef = AC879AE6238B996B005050B6 /* RuleScreen.swift */; };
		AC879B28238B996C005050B6 /* OptionScreen.swift in Sources */ = {isa = PBXBuildFile; fileRef = AC879AE7238B996B005050B6 /* OptionScreen.swift */; };
		AC879B29238B996C005050B6 /* Popup.swift in Sources */ = {isa = PBXBuildFile; fileRef = AC879AE8238B996B005050B6 /* Popup.swift */; };
		AC879B2A238B996C005050B6 /* SlideOption.swift in Sources */ = {isa = PBXBuildFile; fileRef = AC879AEB238B996B005050B6 /* SlideOption.swift */; };
		AC879B2B238B996C005050B6 /* YesNoOption.swift in Sources */ = {isa = PBXBuildFile; fileRef = AC879AEC238B996B005050B6 /* YesNoOption.swift */; };
		AC879B2C238B996C005050B6 /* SaveableOption.swift in Sources */ = {isa = PBXBuildFile; fileRef = AC879AED238B996B005050B6 /* SaveableOption.swift */; };
		AC879B2D238B996C005050B6 /* RangeOption.swift in Sources */ = {isa = PBXBuildFile; fileRef = AC879AEE238B996B005050B6 /* RangeOption.swift */; };
		AC879B2E238B996C005050B6 /* GameSetting.swift in Sources */ = {isa = PBXBuildFile; fileRef = AC879AEF238B996B005050B6 /* GameSetting.swift */; };
		AC879B2F238B996C005050B6 /* InfoOption.swift in Sources */ = {isa = PBXBuildFile; fileRef = AC879AF0238B996B005050B6 /* InfoOption.swift */; };
		AC879B30238B996C005050B6 /* SelectOption.swift in Sources */ = {isa = PBXBuildFile; fileRef = AC879AF1238B996B005050B6 /* SelectOption.swift */; };
		AC879B31238B996C005050B6 /* DisplayedYesNo.swift in Sources */ = {isa = PBXBuildFile; fileRef = AC879AF3238B996B005050B6 /* DisplayedYesNo.swift */; };
		AC879B32238B996C005050B6 /* Touchable.swift in Sources */ = {isa = PBXBuildFile; fileRef = AC879AF4238B996B005050B6 /* Touchable.swift */; };
		AC879B33238B996C005050B6 /* DisplayedSlider.swift in Sources */ = {isa = PBXBuildFile; fileRef = AC879AF5238B996B005050B6 /* DisplayedSlider.swift */; };
		AC879B34238B996C005050B6 /* DisplayedInfo.swift in Sources */ = {isa = PBXBuildFile; fileRef = AC879AF6238B996B005050B6 /* DisplayedInfo.swift */; };
		AC879B35238B996C005050B6 /* NumberRange.swift in Sources */ = {isa = PBXBuildFile; fileRef = AC879AF7238B996B005050B6 /* NumberRange.swift */; };
		AC879B36238B996C005050B6 /* DisplayedOption.swift in Sources */ = {isa = PBXBuildFile; fileRef = AC879AF8238B996B005050B6 /* DisplayedOption.swift */; };
		AC879B37238B996C005050B6 /* DisplayedRange.swift in Sources */ = {isa = PBXBuildFile; fileRef = AC879AF9238B996B005050B6 /* DisplayedRange.swift */; };
		AC879B38238B996C005050B6 /* DisplayedSelection.swift in Sources */ = {isa = PBXBuildFile; fileRef = AC879AFA238B996B005050B6 /* DisplayedSelection.swift */; };
		AC879B39238B996C005050B6 /* Label.swift in Sources */ = {isa = PBXBuildFile; fileRef = AC879AFC238B996B005050B6 /* Label.swift */; };
		AC879B3A238B996C005050B6 /* Multi-Line.swift in Sources */ = {isa = PBXBuildFile; fileRef = AC879AFD238B996B005050B6 /* Multi-Line.swift */; };
		AC879B3B238B996C005050B6 /* SoundManager.swift in Sources */ = {isa = PBXBuildFile; fileRef = AC879AFE238B996B005050B6 /* SoundManager.swift */; };
		AC879B3C238B996C005050B6 /* Achievements.swift in Sources */ = {isa = PBXBuildFile; fileRef = AC879AFF238B996B005050B6 /* Achievements.swift */; };
		AC879B3D238B996C005050B6 /* MathExtention.swift in Sources */ = {isa = PBXBuildFile; fileRef = AC879B01238B996B005050B6 /* MathExtention.swift */; };
		AC879B3E238B996C005050B6 /* ArrayExtensions.swift in Sources */ = {isa = PBXBuildFile; fileRef = AC879B02238B996B005050B6 /* ArrayExtensions.swift */; };
		AC879B3F238B996C005050B6 /* SequenceTypeExtensions.swift in Sources */ = {isa = PBXBuildFile; fileRef = AC879B03238B996B005050B6 /* SequenceTypeExtensions.swift */; };
		AC879B40238B996C005050B6 /* stringExtensions.swift in Sources */ = {isa = PBXBuildFile; fileRef = AC879B04238B996B005050B6 /* stringExtensions.swift */; };
		AC879B41238B996D005050B6 /* SKNodeExtensions.swift in Sources */ = {isa = PBXBuildFile; fileRef = AC879B05238B996B005050B6 /* SKNodeExtensions.swift */; };
		AC879B43238B996D005050B6 /* GameKitHelper.swift in Sources */ = {isa = PBXBuildFile; fileRef = AC879B07238B996C005050B6 /* GameKitHelper.swift */; };
		AC879B44238B996D005050B6 /* GameNotice.swift in Sources */ = {isa = PBXBuildFile; fileRef = AC879B09238B996C005050B6 /* GameNotice.swift */; };
		AC879B45238B996D005050B6 /* Bus.swift in Sources */ = {isa = PBXBuildFile; fileRef = AC879B0A238B996C005050B6 /* Bus.swift */; };
		AC879B46238B996D005050B6 /* StatusArea.swift in Sources */ = {isa = PBXBuildFile; fileRef = AC879B0B238B996C005050B6 /* StatusArea.swift */; };
		AC879B47238B996D005050B6 /* GameEvent.swift in Sources */ = {isa = PBXBuildFile; fileRef = AC879B0C238B996C005050B6 /* GameEvent.swift */; };
		AC879B48238B996D005050B6 /* PassYourThreeWorstCardsPhase.swift in Sources */ = {isa = PBXBuildFile; fileRef = AC879B0D238B996C005050B6 /* PassYourThreeWorstCardsPhase.swift */; };
		AC879B4A238B996D005050B6 /* SIdeOfTable.swift in Sources */ = {isa = PBXBuildFile; fileRef = AC879B10238B996C005050B6 /* SIdeOfTable.swift */; };
		AC879B4B238B996D005050B6 /* CardPassingStrategy.swift in Sources */ = {isa = PBXBuildFile; fileRef = AC879B11238B996C005050B6 /* CardPassingStrategy.swift */; };
		AC879B4C238B996D005050B6 /* Seater.swift in Sources */ = {isa = PBXBuildFile; fileRef = AC879B12238B996C005050B6 /* Seater.swift */; };
		AC879B4D238B996D005050B6 /* CardPlayer.swift in Sources */ = {isa = PBXBuildFile; fileRef = AC879B13238B996C005050B6 /* CardPlayer.swift */; };
		AC879B4E238B996D005050B6 /* ScoreDisplay.swift in Sources */ = {isa = PBXBuildFile; fileRef = AC879B14238B996C005050B6 /* ScoreDisplay.swift */; };
		AC879B4F238B996D005050B6 /* Direction.swift in Sources */ = {isa = PBXBuildFile; fileRef = AC879B15238B996C005050B6 /* Direction.swift */; };
		AC99FDCA238F33DC009B2FCB /* RxSwift in Frameworks */ = {isa = PBXBuildFile; platformFilter = ios; productRef = AC99FDC9238F33DC009B2FCB /* RxSwift */; };
		AC99FDCE238F33DC009B2FCB /* RxRelay in Frameworks */ = {isa = PBXBuildFile; platformFilter = ios; productRef = AC99FDCD238F33DC009B2FCB /* RxRelay */; };
		AC99FDD0238F33DC009B2FCB /* RxCocoa in Frameworks */ = {isa = PBXBuildFile; platformFilter = ios; productRef = AC99FDCF238F33DC009B2FCB /* RxCocoa */; };
		AC99FDD4238F39A2009B2FCB /* SKLabelNode+Binder.swift in Sources */ = {isa = PBXBuildFile; fileRef = AC99FDD3238F39A2009B2FCB /* SKLabelNode+Binder.swift */; };
/* End PBXBuildFile section */

/* Begin PBXContainerItemProxy section */
		AC1D449F21009EE9008E80B3 /* PBXContainerItemProxy */ = {
			isa = PBXContainerItemProxy;
			containerPortal = AC1D448B21009EE9008E80B3 /* Project object */;
			proxyType = 1;
			remoteGlobalIDString = AC1D449321009EE9008E80B3;
			remoteInfo = Cards;
		};
/* End PBXContainerItemProxy section */

/* Begin PBXFileReference section */
		AC1D449421009EE9008E80B3 /* Cards.framework */ = {isa = PBXFileReference; explicitFileType = wrapper.framework; includeInIndex = 0; path = Cards.framework; sourceTree = BUILT_PRODUCTS_DIR; };
		AC1D449D21009EE9008E80B3 /* CardsTests.xctest */ = {isa = PBXFileReference; explicitFileType = wrapper.cfbundle; includeInIndex = 0; path = CardsTests.xctest; sourceTree = BUILT_PRODUCTS_DIR; };
		AC1D44A221009EE9008E80B3 /* CardsTests.swift */ = {isa = PBXFileReference; lastKnownFileType = sourcecode.swift; path = CardsTests.swift; sourceTree = "<group>"; };
		AC1D44A421009EE9008E80B3 /* Info.plist */ = {isa = PBXFileReference; lastKnownFileType = text.plist.xml; path = Info.plist; sourceTree = "<group>"; };
		AC879AD4238B996B005050B6 /* CardSlide.swift */ = {isa = PBXFileReference; fileEncoding = 4; lastKnownFileType = sourcecode.swift; path = CardSlide.swift; sourceTree = "<group>"; };
		AC879AD5238B996B005050B6 /* CardState.swift */ = {isa = PBXFileReference; fileEncoding = 4; lastKnownFileType = sourcecode.swift; path = CardState.swift; sourceTree = "<group>"; };
		AC879AD6238B996B005050B6 /* PlayingCardComparable.swift */ = {isa = PBXFileReference; fileEncoding = 4; lastKnownFileType = sourcecode.swift; path = PlayingCardComparable.swift; sourceTree = "<group>"; };
		AC879AD7238B996B005050B6 /* CardPile.swift */ = {isa = PBXFileReference; fileEncoding = 4; lastKnownFileType = sourcecode.swift; path = CardPile.swift; sourceTree = "<group>"; };
		AC879AD8238B996B005050B6 /* CardStack.swift */ = {isa = PBXFileReference; fileEncoding = 4; lastKnownFileType = sourcecode.swift; path = CardStack.swift; sourceTree = "<group>"; };
		AC879AD9238B996B005050B6 /* PlayingCard.swift */ = {isa = PBXFileReference; fileEncoding = 4; lastKnownFileType = sourcecode.swift; path = PlayingCard.swift; sourceTree = "<group>"; };
		AC879ADA238B996B005050B6 /* CardSprite.swift */ = {isa = PBXFileReference; fileEncoding = 4; lastKnownFileType = sourcecode.swift; path = CardSprite.swift; sourceTree = "<group>"; };
		AC879ADB238B996B005050B6 /* CardSize.swift */ = {isa = PBXFileReference; fileEncoding = 4; lastKnownFileType = sourcecode.swift; path = CardSize.swift; sourceTree = "<group>"; };
		AC879ADC238B996B005050B6 /* CardSource.swift */ = {isa = PBXFileReference; fileEncoding = 4; lastKnownFileType = sourcecode.swift; path = CardSource.swift; sourceTree = "<group>"; };
		AC879ADD238B996B005050B6 /* CardFan.swift */ = {isa = PBXFileReference; fileEncoding = 4; lastKnownFileType = sourcecode.swift; path = CardFan.swift; sourceTree = "<group>"; };
		AC879ADE238B996B005050B6 /* Cards.h */ = {isa = PBXFileReference; fileEncoding = 4; lastKnownFileType = sourcecode.c.h; path = Cards.h; sourceTree = "<group>"; };
		AC879ADF238B996B005050B6 /* CardPileType.swift */ = {isa = PBXFileReference; fileEncoding = 4; lastKnownFileType = sourcecode.swift; path = CardPileType.swift; sourceTree = "<group>"; };
		AC879AE1238B996B005050B6 /* ExitScreen.swift */ = {isa = PBXFileReference; fileEncoding = 4; lastKnownFileType = sourcecode.swift; path = ExitScreen.swift; sourceTree = "<group>"; };
		AC879AE2238B996B005050B6 /* PopupButton.swift */ = {isa = PBXFileReference; fileEncoding = 4; lastKnownFileType = sourcecode.swift; path = PopupButton.swift; sourceTree = "<group>"; };
		AC879AE3238B996B005050B6 /* CardDisplayScreen.swift */ = {isa = PBXFileReference; fileEncoding = 4; lastKnownFileType = sourcecode.swift; path = CardDisplayScreen.swift; sourceTree = "<group>"; };
		AC879AE4238B996B005050B6 /* Resizable.swift */ = {isa = PBXFileReference; fileEncoding = 4; lastKnownFileType = sourcecode.swift; path = Resizable.swift; sourceTree = "<group>"; };
		AC879AE5238B996B005050B6 /* GameScene.swift */ = {isa = PBXFileReference; fileEncoding = 4; lastKnownFileType = sourcecode.swift; path = GameScene.swift; sourceTree = "<group>"; };
		AC879AE6238B996B005050B6 /* RuleScreen.swift */ = {isa = PBXFileReference; fileEncoding = 4; lastKnownFileType = sourcecode.swift; path = RuleScreen.swift; sourceTree = "<group>"; };
		AC879AE7238B996B005050B6 /* OptionScreen.swift */ = {isa = PBXFileReference; fileEncoding = 4; lastKnownFileType = sourcecode.swift; path = OptionScreen.swift; sourceTree = "<group>"; };
		AC879AE8238B996B005050B6 /* Popup.swift */ = {isa = PBXFileReference; fileEncoding = 4; lastKnownFileType = sourcecode.swift; path = Popup.swift; sourceTree = "<group>"; };
		AC879AEB238B996B005050B6 /* SlideOption.swift */ = {isa = PBXFileReference; fileEncoding = 4; lastKnownFileType = sourcecode.swift; path = SlideOption.swift; sourceTree = "<group>"; };
		AC879AEC238B996B005050B6 /* YesNoOption.swift */ = {isa = PBXFileReference; fileEncoding = 4; lastKnownFileType = sourcecode.swift; path = YesNoOption.swift; sourceTree = "<group>"; };
		AC879AED238B996B005050B6 /* SaveableOption.swift */ = {isa = PBXFileReference; fileEncoding = 4; lastKnownFileType = sourcecode.swift; path = SaveableOption.swift; sourceTree = "<group>"; };
		AC879AEE238B996B005050B6 /* RangeOption.swift */ = {isa = PBXFileReference; fileEncoding = 4; lastKnownFileType = sourcecode.swift; path = RangeOption.swift; sourceTree = "<group>"; };
		AC879AEF238B996B005050B6 /* GameSetting.swift */ = {isa = PBXFileReference; fileEncoding = 4; lastKnownFileType = sourcecode.swift; path = GameSetting.swift; sourceTree = "<group>"; };
		AC879AF0238B996B005050B6 /* InfoOption.swift */ = {isa = PBXFileReference; fileEncoding = 4; lastKnownFileType = sourcecode.swift; path = InfoOption.swift; sourceTree = "<group>"; };
		AC879AF1238B996B005050B6 /* SelectOption.swift */ = {isa = PBXFileReference; fileEncoding = 4; lastKnownFileType = sourcecode.swift; path = SelectOption.swift; sourceTree = "<group>"; };
		AC879AF3238B996B005050B6 /* DisplayedYesNo.swift */ = {isa = PBXFileReference; fileEncoding = 4; lastKnownFileType = sourcecode.swift; path = DisplayedYesNo.swift; sourceTree = "<group>"; };
		AC879AF4238B996B005050B6 /* Touchable.swift */ = {isa = PBXFileReference; fileEncoding = 4; lastKnownFileType = sourcecode.swift; path = Touchable.swift; sourceTree = "<group>"; };
		AC879AF5238B996B005050B6 /* DisplayedSlider.swift */ = {isa = PBXFileReference; fileEncoding = 4; lastKnownFileType = sourcecode.swift; path = DisplayedSlider.swift; sourceTree = "<group>"; };
		AC879AF6238B996B005050B6 /* DisplayedInfo.swift */ = {isa = PBXFileReference; fileEncoding = 4; lastKnownFileType = sourcecode.swift; path = DisplayedInfo.swift; sourceTree = "<group>"; };
		AC879AF7238B996B005050B6 /* NumberRange.swift */ = {isa = PBXFileReference; fileEncoding = 4; lastKnownFileType = sourcecode.swift; path = NumberRange.swift; sourceTree = "<group>"; };
		AC879AF8238B996B005050B6 /* DisplayedOption.swift */ = {isa = PBXFileReference; fileEncoding = 4; lastKnownFileType = sourcecode.swift; path = DisplayedOption.swift; sourceTree = "<group>"; };
		AC879AF9238B996B005050B6 /* DisplayedRange.swift */ = {isa = PBXFileReference; fileEncoding = 4; lastKnownFileType = sourcecode.swift; path = DisplayedRange.swift; sourceTree = "<group>"; };
		AC879AFA238B996B005050B6 /* DisplayedSelection.swift */ = {isa = PBXFileReference; fileEncoding = 4; lastKnownFileType = sourcecode.swift; path = DisplayedSelection.swift; sourceTree = "<group>"; };
		AC879AFC238B996B005050B6 /* Label.swift */ = {isa = PBXFileReference; fileEncoding = 4; lastKnownFileType = sourcecode.swift; path = Label.swift; sourceTree = "<group>"; };
		AC879AFD238B996B005050B6 /* Multi-Line.swift */ = {isa = PBXFileReference; fileEncoding = 4; lastKnownFileType = sourcecode.swift; path = "Multi-Line.swift"; sourceTree = "<group>"; };
		AC879AFE238B996B005050B6 /* SoundManager.swift */ = {isa = PBXFileReference; fileEncoding = 4; lastKnownFileType = sourcecode.swift; name = SoundManager.swift; path = Sources/Cards/SoundManager.swift; sourceTree = SOURCE_ROOT; };
		AC879AFF238B996B005050B6 /* Achievements.swift */ = {isa = PBXFileReference; fileEncoding = 4; lastKnownFileType = sourcecode.swift; name = Achievements.swift; path = Sources/Cards/Achievements.swift; sourceTree = SOURCE_ROOT; };
		AC879B01238B996B005050B6 /* MathExtention.swift */ = {isa = PBXFileReference; fileEncoding = 4; lastKnownFileType = sourcecode.swift; path = MathExtention.swift; sourceTree = "<group>"; };
		AC879B02238B996B005050B6 /* ArrayExtensions.swift */ = {isa = PBXFileReference; fileEncoding = 4; lastKnownFileType = sourcecode.swift; path = ArrayExtensions.swift; sourceTree = "<group>"; };
		AC879B03238B996B005050B6 /* SequenceTypeExtensions.swift */ = {isa = PBXFileReference; fileEncoding = 4; lastKnownFileType = sourcecode.swift; path = SequenceTypeExtensions.swift; sourceTree = "<group>"; };
		AC879B04238B996B005050B6 /* stringExtensions.swift */ = {isa = PBXFileReference; fileEncoding = 4; lastKnownFileType = sourcecode.swift; path = stringExtensions.swift; sourceTree = "<group>"; };
		AC879B05238B996B005050B6 /* SKNodeExtensions.swift */ = {isa = PBXFileReference; fileEncoding = 4; lastKnownFileType = sourcecode.swift; path = SKNodeExtensions.swift; sourceTree = "<group>"; };
		AC879B07238B996C005050B6 /* GameKitHelper.swift */ = {isa = PBXFileReference; fileEncoding = 4; lastKnownFileType = sourcecode.swift; name = GameKitHelper.swift; path = Sources/Cards/GameKitHelper.swift; sourceTree = SOURCE_ROOT; };
		AC879B09238B996C005050B6 /* GameNotice.swift */ = {isa = PBXFileReference; fileEncoding = 4; lastKnownFileType = sourcecode.swift; path = GameNotice.swift; sourceTree = "<group>"; };
		AC879B0A238B996C005050B6 /* Bus.swift */ = {isa = PBXFileReference; fileEncoding = 4; lastKnownFileType = sourcecode.swift; path = Bus.swift; sourceTree = "<group>"; };
		AC879B0B238B996C005050B6 /* StatusArea.swift */ = {isa = PBXFileReference; fileEncoding = 4; lastKnownFileType = sourcecode.swift; path = StatusArea.swift; sourceTree = "<group>"; };
		AC879B0C238B996C005050B6 /* GameEvent.swift */ = {isa = PBXFileReference; fileEncoding = 4; lastKnownFileType = sourcecode.swift; path = GameEvent.swift; sourceTree = "<group>"; };
		AC879B0D238B996C005050B6 /* PassYourThreeWorstCardsPhase.swift */ = {isa = PBXFileReference; fileEncoding = 4; lastKnownFileType = sourcecode.swift; name = PassYourThreeWorstCardsPhase.swift; path = Sources/Cards/PassYourThreeWorstCardsPhase.swift; sourceTree = SOURCE_ROOT; };
		AC879B10238B996C005050B6 /* SIdeOfTable.swift */ = {isa = PBXFileReference; fileEncoding = 4; lastKnownFileType = sourcecode.swift; path = SIdeOfTable.swift; sourceTree = "<group>"; };
		AC879B11238B996C005050B6 /* CardPassingStrategy.swift */ = {isa = PBXFileReference; fileEncoding = 4; lastKnownFileType = sourcecode.swift; path = CardPassingStrategy.swift; sourceTree = "<group>"; };
		AC879B12238B996C005050B6 /* Seater.swift */ = {isa = PBXFileReference; fileEncoding = 4; lastKnownFileType = sourcecode.swift; path = Seater.swift; sourceTree = "<group>"; };
		AC879B13238B996C005050B6 /* CardPlayer.swift */ = {isa = PBXFileReference; fileEncoding = 4; lastKnownFileType = sourcecode.swift; path = CardPlayer.swift; sourceTree = "<group>"; };
		AC879B14238B996C005050B6 /* ScoreDisplay.swift */ = {isa = PBXFileReference; fileEncoding = 4; lastKnownFileType = sourcecode.swift; path = ScoreDisplay.swift; sourceTree = "<group>"; };
		AC879B15238B996C005050B6 /* Direction.swift */ = {isa = PBXFileReference; fileEncoding = 4; lastKnownFileType = sourcecode.swift; path = Direction.swift; sourceTree = "<group>"; };
		AC879B50238B9AA3005050B6 /* Info.plist */ = {isa = PBXFileReference; lastKnownFileType = text.plist; name = Info.plist; path = Sources/Cards/Info.plist; sourceTree = SOURCE_ROOT; };
		AC99FDD3238F39A2009B2FCB /* SKLabelNode+Binder.swift */ = {isa = PBXFileReference; fileEncoding = 4; lastKnownFileType = sourcecode.swift; path = "SKLabelNode+Binder.swift"; sourceTree = "<group>"; };
/* End PBXFileReference section */

/* Begin PBXFrameworksBuildPhase section */
		AC1D449021009EE9008E80B3 /* Frameworks */ = {
			isa = PBXFrameworksBuildPhase;
			buildActionMask = 2147483647;
			files = (
				AC99FDCE238F33DC009B2FCB /* RxRelay in Frameworks */,
				AC99FDD0238F33DC009B2FCB /* RxCocoa in Frameworks */,
				AC99FDCA238F33DC009B2FCB /* RxSwift in Frameworks */,
			);
			runOnlyForDeploymentPostprocessing = 0;
		};
		AC1D449A21009EE9008E80B3 /* Frameworks */ = {
			isa = PBXFrameworksBuildPhase;
			buildActionMask = 2147483647;
			files = (
				AC1D449E21009EE9008E80B3 /* Cards.framework in Frameworks */,
			);
			runOnlyForDeploymentPostprocessing = 0;
		};
/* End PBXFrameworksBuildPhase section */

/* Begin PBXGroup section */
		AC1D448A21009EE9008E80B3 = {
			isa = PBXGroup;
			children = (
				AC1D449621009EE9008E80B3 /* Cards */,
				AC1D44A121009EE9008E80B3 /* CardsTests */,
				AC1D449521009EE9008E80B3 /* Products */,
				AC1D44AE21009FE3008E80B3 /* Frameworks */,
			);
			sourceTree = "<group>";
		};
		AC1D449521009EE9008E80B3 /* Products */ = {
			isa = PBXGroup;
			children = (
				AC1D449421009EE9008E80B3 /* Cards.framework */,
				AC1D449D21009EE9008E80B3 /* CardsTests.xctest */,
			);
			name = Products;
			sourceTree = "<group>";
		};
		AC1D449621009EE9008E80B3 /* Cards */ = {
			isa = PBXGroup;
			children = (
				AC879B50238B9AA3005050B6 /* Info.plist */,
				AC879AFF238B996B005050B6 /* Achievements.swift */,
				AC879AD3238B996B005050B6 /* Cards */,
				AC879AFB238B996B005050B6 /* Controls */,
				AC879B08238B996C005050B6 /* Events */,
				AC879B00238B996B005050B6 /* Extensions */,
				AC879B07238B996C005050B6 /* GameKitHelper.swift */,
				AC879AE9238B996B005050B6 /* Options */,
				AC879B0D238B996C005050B6 /* PassYourThreeWorstCardsPhase.swift */,
				AC879B0F238B996C005050B6 /* Player */,
				AC879AE0238B996B005050B6 /* Screens */,
				AC879AFE238B996B005050B6 /* SoundManager.swift */,
			);
			path = Cards;
			sourceTree = "<group>";
		};
		AC1D44A121009EE9008E80B3 /* CardsTests */ = {
			isa = PBXGroup;
			children = (
				AC1D44A221009EE9008E80B3 /* CardsTests.swift */,
				AC1D44A421009EE9008E80B3 /* Info.plist */,
			);
			path = CardsTests;
			sourceTree = "<group>";
		};
		AC1D44AE21009FE3008E80B3 /* Frameworks */ = {
			isa = PBXGroup;
			children = (
			);
			name = Frameworks;
			sourceTree = "<group>";
		};
		AC879AD3238B996B005050B6 /* Cards */ = {
			isa = PBXGroup;
			children = (
				AC879AD4238B996B005050B6 /* CardSlide.swift */,
				AC879AD5238B996B005050B6 /* CardState.swift */,
				AC879AD6238B996B005050B6 /* PlayingCardComparable.swift */,
				AC879AD7238B996B005050B6 /* CardPile.swift */,
				AC879AD8238B996B005050B6 /* CardStack.swift */,
				AC879AD9238B996B005050B6 /* PlayingCard.swift */,
				AC879ADA238B996B005050B6 /* CardSprite.swift */,
				AC879ADB238B996B005050B6 /* CardSize.swift */,
				AC879ADC238B996B005050B6 /* CardSource.swift */,
				AC879ADD238B996B005050B6 /* CardFan.swift */,
				AC879ADE238B996B005050B6 /* Cards.h */,
				AC879ADF238B996B005050B6 /* CardPileType.swift */,
			);
			name = Cards;
			path = Sources/Cards/Cards;
			sourceTree = SOURCE_ROOT;
		};
		AC879AE0238B996B005050B6 /* Screens */ = {
			isa = PBXGroup;
			children = (
				AC879AE1238B996B005050B6 /* ExitScreen.swift */,
				AC879AE2238B996B005050B6 /* PopupButton.swift */,
				AC879AE3238B996B005050B6 /* CardDisplayScreen.swift */,
				AC879AE4238B996B005050B6 /* Resizable.swift */,
				AC879AE5238B996B005050B6 /* GameScene.swift */,
				AC879AE6238B996B005050B6 /* RuleScreen.swift */,
				AC879AE7238B996B005050B6 /* OptionScreen.swift */,
				AC879AE8238B996B005050B6 /* Popup.swift */,
			);
			name = Screens;
			path = Sources/Cards/Screens;
			sourceTree = SOURCE_ROOT;
		};
		AC879AE9238B996B005050B6 /* Options */ = {
			isa = PBXGroup;
			children = (
				AC879AEA238B996B005050B6 /* Models */,
				AC879AF2238B996B005050B6 /* Views */,
			);
			name = Options;
			path = Sources/Cards/Options;
			sourceTree = SOURCE_ROOT;
		};
		AC879AEA238B996B005050B6 /* Models */ = {
			isa = PBXGroup;
			children = (
				AC879AEB238B996B005050B6 /* SlideOption.swift */,
				AC879AEC238B996B005050B6 /* YesNoOption.swift */,
				AC879AED238B996B005050B6 /* SaveableOption.swift */,
				AC879AEE238B996B005050B6 /* RangeOption.swift */,
				AC879AEF238B996B005050B6 /* GameSetting.swift */,
				AC879AF0238B996B005050B6 /* InfoOption.swift */,
				AC879AF1238B996B005050B6 /* SelectOption.swift */,
			);
			path = Models;
			sourceTree = "<group>";
		};
		AC879AF2238B996B005050B6 /* Views */ = {
			isa = PBXGroup;
			children = (
				AC879AF3238B996B005050B6 /* DisplayedYesNo.swift */,
				AC879AF4238B996B005050B6 /* Touchable.swift */,
				AC879AF5238B996B005050B6 /* DisplayedSlider.swift */,
				AC879AF6238B996B005050B6 /* DisplayedInfo.swift */,
				AC879AF7238B996B005050B6 /* NumberRange.swift */,
				AC879AF8238B996B005050B6 /* DisplayedOption.swift */,
				AC879AF9238B996B005050B6 /* DisplayedRange.swift */,
				AC879AFA238B996B005050B6 /* DisplayedSelection.swift */,
			);
			path = Views;
			sourceTree = "<group>";
		};
		AC879AFB238B996B005050B6 /* Controls */ = {
			isa = PBXGroup;
			children = (
				AC879AFC238B996B005050B6 /* Label.swift */,
				AC879AFD238B996B005050B6 /* Multi-Line.swift */,
			);
			name = Controls;
			path = Sources/Cards/Controls;
			sourceTree = SOURCE_ROOT;
		};
		AC879B00238B996B005050B6 /* Extensions */ = {
			isa = PBXGroup;
			children = (
				AC99FDD3238F39A2009B2FCB /* SKLabelNode+Binder.swift */,
				AC879B01238B996B005050B6 /* MathExtention.swift */,
				AC879B02238B996B005050B6 /* ArrayExtensions.swift */,
				AC879B03238B996B005050B6 /* SequenceTypeExtensions.swift */,
				AC879B04238B996B005050B6 /* stringExtensions.swift */,
				AC879B05238B996B005050B6 /* SKNodeExtensions.swift */,
			);
			name = Extensions;
			path = Sources/Cards/Extensions;
			sourceTree = SOURCE_ROOT;
		};
		AC879B08238B996C005050B6 /* Events */ = {
			isa = PBXGroup;
			children = (
				AC879B09238B996C005050B6 /* GameNotice.swift */,
				AC879B0A238B996C005050B6 /* Bus.swift */,
				AC879B0B238B996C005050B6 /* StatusArea.swift */,
				AC879B0C238B996C005050B6 /* GameEvent.swift */,
			);
			name = Events;
			path = Sources/Cards/Events;
			sourceTree = SOURCE_ROOT;
		};
		AC879B0F238B996C005050B6 /* Player */ = {
			isa = PBXGroup;
			children = (
				AC879B10238B996C005050B6 /* SIdeOfTable.swift */,
				AC879B11238B996C005050B6 /* CardPassingStrategy.swift */,
				AC879B12238B996C005050B6 /* Seater.swift */,
				AC879B13238B996C005050B6 /* CardPlayer.swift */,
				AC879B14238B996C005050B6 /* ScoreDisplay.swift */,
				AC879B15238B996C005050B6 /* Direction.swift */,
			);
			name = Player;
			path = Sources/Cards/Player;
			sourceTree = SOURCE_ROOT;
		};
/* End PBXGroup section */

/* Begin PBXHeadersBuildPhase section */
		AC1D449121009EE9008E80B3 /* Headers */ = {
			isa = PBXHeadersBuildPhase;
			buildActionMask = 2147483647;
			files = (
				AC879B20238B996C005050B6 /* Cards.h in Headers */,
			);
			runOnlyForDeploymentPostprocessing = 0;
		};
/* End PBXHeadersBuildPhase section */

/* Begin PBXNativeTarget section */
		AC1D449321009EE9008E80B3 /* Cards */ = {
			isa = PBXNativeTarget;
			buildConfigurationList = AC1D44A821009EE9008E80B3 /* Build configuration list for PBXNativeTarget "Cards" */;
			buildPhases = (
				AC1D448F21009EE9008E80B3 /* Sources */,
				AC1D449021009EE9008E80B3 /* Frameworks */,
				AC1D449121009EE9008E80B3 /* Headers */,
				AC1D449221009EE9008E80B3 /* Resources */,
			);
			buildRules = (
			);
			dependencies = (
			);
			name = Cards;
			packageProductDependencies = (
				AC99FDC9238F33DC009B2FCB /* RxSwift */,
				AC99FDCD238F33DC009B2FCB /* RxRelay */,
				AC99FDCF238F33DC009B2FCB /* RxCocoa */,
			);
			productName = Cards;
			productReference = AC1D449421009EE9008E80B3 /* Cards.framework */;
			productType = "com.apple.product-type.framework";
		};
		AC1D449C21009EE9008E80B3 /* CardsTests */ = {
			isa = PBXNativeTarget;
			buildConfigurationList = AC1D44AB21009EE9008E80B3 /* Build configuration list for PBXNativeTarget "CardsTests" */;
			buildPhases = (
				AC1D449921009EE9008E80B3 /* Sources */,
				AC1D449A21009EE9008E80B3 /* Frameworks */,
				AC1D449B21009EE9008E80B3 /* Resources */,
			);
			buildRules = (
			);
			dependencies = (
				AC1D44A021009EE9008E80B3 /* PBXTargetDependency */,
			);
			name = CardsTests;
			productName = CardsTests;
			productReference = AC1D449D21009EE9008E80B3 /* CardsTests.xctest */;
			productType = "com.apple.product-type.bundle.unit-test";
		};
/* End PBXNativeTarget section */

/* Begin PBXProject section */
		AC1D448B21009EE9008E80B3 /* Project object */ = {
			isa = PBXProject;
			attributes = {
				LastSwiftUpdateCheck = 0940;
				LastUpgradeCheck = 1100;
				ORGANIZATIONNAME = "Geoff Burns";
				TargetAttributes = {
					AC1D449321009EE9008E80B3 = {
						CreatedOnToolsVersion = 9.4.1;
						LastSwiftMigration = 1120;
					};
					AC1D449C21009EE9008E80B3 = {
						CreatedOnToolsVersion = 9.4.1;
						LastSwiftMigration = 1030;
					};
				};
			};
			buildConfigurationList = AC1D448E21009EE9008E80B3 /* Build configuration list for PBXProject "Cards" */;
			compatibilityVersion = "Xcode 9.3";
			developmentRegion = en;
			hasScannedForEncodings = 0;
			knownRegions = (
				en,
				Base,
			);
			mainGroup = AC1D448A21009EE9008E80B3;
			packageReferences = (
				AC99FDC8238F33DC009B2FCB /* XCRemoteSwiftPackageReference "RxSwift" */,
			);
			productRefGroup = AC1D449521009EE9008E80B3 /* Products */;
			projectDirPath = "";
			projectRoot = "";
			targets = (
				AC1D449321009EE9008E80B3 /* Cards */,
				AC1D449C21009EE9008E80B3 /* CardsTests */,
			);
		};
/* End PBXProject section */

/* Begin PBXResourcesBuildPhase section */
		AC1D449221009EE9008E80B3 /* Resources */ = {
			isa = PBXResourcesBuildPhase;
			buildActionMask = 2147483647;
			files = (
			);
			runOnlyForDeploymentPostprocessing = 0;
		};
		AC1D449B21009EE9008E80B3 /* Resources */ = {
			isa = PBXResourcesBuildPhase;
			buildActionMask = 2147483647;
			files = (
			);
			runOnlyForDeploymentPostprocessing = 0;
		};
/* End PBXResourcesBuildPhase section */

/* Begin PBXSourcesBuildPhase section */
		AC1D448F21009EE9008E80B3 /* Sources */ = {
			isa = PBXSourcesBuildPhase;
			buildActionMask = 2147483647;
			files = (
				AC99FDD4238F39A2009B2FCB /* SKLabelNode+Binder.swift in Sources */,
				AC879B38238B996C005050B6 /* DisplayedSelection.swift in Sources */,
				AC879B23238B996C005050B6 /* PopupButton.swift in Sources */,
				AC879B16238B996C005050B6 /* CardSlide.swift in Sources */,
				AC879B30238B996C005050B6 /* SelectOption.swift in Sources */,
				AC879B37238B996C005050B6 /* DisplayedRange.swift in Sources */,
				AC879B3B238B996C005050B6 /* SoundManager.swift in Sources */,
				AC879B34238B996C005050B6 /* DisplayedInfo.swift in Sources */,
				AC879B26238B996C005050B6 /* GameScene.swift in Sources */,
				AC879B46238B996D005050B6 /* StatusArea.swift in Sources */,
				AC879B3A238B996C005050B6 /* Multi-Line.swift in Sources */,
				AC879B31238B996C005050B6 /* DisplayedYesNo.swift in Sources */,
				AC879B19238B996C005050B6 /* CardPile.swift in Sources */,
				AC879B2E238B996C005050B6 /* GameSetting.swift in Sources */,
				AC879B36238B996C005050B6 /* DisplayedOption.swift in Sources */,
				AC879B2D238B996C005050B6 /* RangeOption.swift in Sources */,
				AC879B1E238B996C005050B6 /* CardSource.swift in Sources */,
				AC879B47238B996D005050B6 /* GameEvent.swift in Sources */,
				AC879B32238B996C005050B6 /* Touchable.swift in Sources */,
				AC879B40238B996C005050B6 /* stringExtensions.swift in Sources */,
				AC879B17238B996C005050B6 /* CardState.swift in Sources */,
				AC879B3F238B996C005050B6 /* SequenceTypeExtensions.swift in Sources */,
				AC879B21238B996C005050B6 /* CardPileType.swift in Sources */,
				AC879B25238B996C005050B6 /* Resizable.swift in Sources */,
				AC879B33238B996C005050B6 /* DisplayedSlider.swift in Sources */,
				AC879B22238B996C005050B6 /* ExitScreen.swift in Sources */,
				AC879B4A238B996D005050B6 /* SIdeOfTable.swift in Sources */,
				AC879B2C238B996C005050B6 /* SaveableOption.swift in Sources */,
				AC879B41238B996D005050B6 /* SKNodeExtensions.swift in Sources */,
				AC879B18238B996C005050B6 /* PlayingCardComparable.swift in Sources */,
				AC879B3C238B996C005050B6 /* Achievements.swift in Sources */,
				AC879B2A238B996C005050B6 /* SlideOption.swift in Sources */,
				AC879B1B238B996C005050B6 /* PlayingCard.swift in Sources */,
				AC879B48238B996D005050B6 /* PassYourThreeWorstCardsPhase.swift in Sources */,
				AC879B29238B996C005050B6 /* Popup.swift in Sources */,
				AC879B4F238B996D005050B6 /* Direction.swift in Sources */,
				AC879B4E238B996D005050B6 /* ScoreDisplay.swift in Sources */,
				AC879B45238B996D005050B6 /* Bus.swift in Sources */,
				AC879B4D238B996D005050B6 /* CardPlayer.swift in Sources */,
				AC879B43238B996D005050B6 /* GameKitHelper.swift in Sources */,
				AC879B27238B996C005050B6 /* RuleScreen.swift in Sources */,
				AC879B1A238B996C005050B6 /* CardStack.swift in Sources */,
				AC879B24238B996C005050B6 /* CardDisplayScreen.swift in Sources */,
				AC879B3D238B996C005050B6 /* MathExtention.swift in Sources */,
				AC879B3E238B996C005050B6 /* ArrayExtensions.swift in Sources */,
				AC879B35238B996C005050B6 /* NumberRange.swift in Sources */,
				AC879B28238B996C005050B6 /* OptionScreen.swift in Sources */,
				AC879B1D238B996C005050B6 /* CardSize.swift in Sources */,
				AC879B2F238B996C005050B6 /* InfoOption.swift in Sources */,
				AC879B2B238B996C005050B6 /* YesNoOption.swift in Sources */,
				AC879B1C238B996C005050B6 /* CardSprite.swift in Sources */,
				AC879B4C238B996D005050B6 /* Seater.swift in Sources */,
				AC879B44238B996D005050B6 /* GameNotice.swift in Sources */,
				AC879B39238B996C005050B6 /* Label.swift in Sources */,
				AC879B4B238B996D005050B6 /* CardPassingStrategy.swift in Sources */,
				AC879B1F238B996C005050B6 /* CardFan.swift in Sources */,
			);
			runOnlyForDeploymentPostprocessing = 0;
		};
		AC1D449921009EE9008E80B3 /* Sources */ = {
			isa = PBXSourcesBuildPhase;
			buildActionMask = 2147483647;
			files = (
				AC1D44A321009EE9008E80B3 /* CardsTests.swift in Sources */,
			);
			runOnlyForDeploymentPostprocessing = 0;
		};
/* End PBXSourcesBuildPhase section */

/* Begin PBXTargetDependency section */
		AC1D44A021009EE9008E80B3 /* PBXTargetDependency */ = {
			isa = PBXTargetDependency;
			target = AC1D449321009EE9008E80B3 /* Cards */;
			targetProxy = AC1D449F21009EE9008E80B3 /* PBXContainerItemProxy */;
		};
/* End PBXTargetDependency section */

/* Begin XCBuildConfiguration section */
		AC1D44A621009EE9008E80B3 /* Debug */ = {
			isa = XCBuildConfiguration;
			buildSettings = {
				ALWAYS_SEARCH_USER_PATHS = NO;
				CLANG_ANALYZER_NONNULL = YES;
				CLANG_ANALYZER_NUMBER_OBJECT_CONVERSION = YES_AGGRESSIVE;
				CLANG_CXX_LANGUAGE_STANDARD = "gnu++14";
				CLANG_CXX_LIBRARY = "libc++";
				CLANG_ENABLE_MODULES = YES;
				CLANG_ENABLE_OBJC_ARC = YES;
				CLANG_ENABLE_OBJC_WEAK = YES;
				CLANG_WARN_BLOCK_CAPTURE_AUTORELEASING = YES;
				CLANG_WARN_BOOL_CONVERSION = YES;
				CLANG_WARN_COMMA = YES;
				CLANG_WARN_CONSTANT_CONVERSION = YES;
				CLANG_WARN_DEPRECATED_OBJC_IMPLEMENTATIONS = YES;
				CLANG_WARN_DIRECT_OBJC_ISA_USAGE = YES_ERROR;
				CLANG_WARN_DOCUMENTATION_COMMENTS = YES;
				CLANG_WARN_EMPTY_BODY = YES;
				CLANG_WARN_ENUM_CONVERSION = YES;
				CLANG_WARN_INFINITE_RECURSION = YES;
				CLANG_WARN_INT_CONVERSION = YES;
				CLANG_WARN_NON_LITERAL_NULL_CONVERSION = YES;
				CLANG_WARN_OBJC_IMPLICIT_RETAIN_SELF = YES;
				CLANG_WARN_OBJC_LITERAL_CONVERSION = YES;
				CLANG_WARN_OBJC_ROOT_CLASS = YES_ERROR;
				CLANG_WARN_RANGE_LOOP_ANALYSIS = YES;
				CLANG_WARN_STRICT_PROTOTYPES = YES;
				CLANG_WARN_SUSPICIOUS_MOVE = YES;
				CLANG_WARN_UNGUARDED_AVAILABILITY = YES_AGGRESSIVE;
				CLANG_WARN_UNREACHABLE_CODE = YES;
				CLANG_WARN__DUPLICATE_METHOD_MATCH = YES;
				CODE_SIGN_IDENTITY = "iPhone Developer";
				COPY_PHASE_STRIP = NO;
				CURRENT_PROJECT_VERSION = 1;
				DEBUG_INFORMATION_FORMAT = dwarf;
				ENABLE_STRICT_OBJC_MSGSEND = YES;
				ENABLE_TESTABILITY = YES;
				GCC_C_LANGUAGE_STANDARD = gnu11;
				GCC_DYNAMIC_NO_PIC = NO;
				GCC_NO_COMMON_BLOCKS = YES;
				GCC_OPTIMIZATION_LEVEL = 0;
				GCC_PREPROCESSOR_DEFINITIONS = (
					"DEBUG=1",
					"$(inherited)",
				);
				GCC_WARN_64_TO_32_BIT_CONVERSION = YES;
				GCC_WARN_ABOUT_RETURN_TYPE = YES_ERROR;
				GCC_WARN_UNDECLARED_SELECTOR = YES;
				GCC_WARN_UNINITIALIZED_AUTOS = YES_AGGRESSIVE;
				GCC_WARN_UNUSED_FUNCTION = YES;
				GCC_WARN_UNUSED_VARIABLE = YES;
				IPHONEOS_DEPLOYMENT_TARGET = 10.0;
				MTL_ENABLE_DEBUG_INFO = YES;
				ONLY_ACTIVE_ARCH = YES;
				SDKROOT = iphoneos;
				SWIFT_ACTIVE_COMPILATION_CONDITIONS = DEBUG;
				SWIFT_OPTIMIZATION_LEVEL = "-Onone";
				VERSIONING_SYSTEM = "apple-generic";
				VERSION_INFO_PREFIX = "";
			};
			name = Debug;
		};
		AC1D44A721009EE9008E80B3 /* Release */ = {
			isa = XCBuildConfiguration;
			buildSettings = {
				ALWAYS_SEARCH_USER_PATHS = NO;
				CLANG_ANALYZER_NONNULL = YES;
				CLANG_ANALYZER_NUMBER_OBJECT_CONVERSION = YES_AGGRESSIVE;
				CLANG_CXX_LANGUAGE_STANDARD = "gnu++14";
				CLANG_CXX_LIBRARY = "libc++";
				CLANG_ENABLE_MODULES = YES;
				CLANG_ENABLE_OBJC_ARC = YES;
				CLANG_ENABLE_OBJC_WEAK = YES;
				CLANG_WARN_BLOCK_CAPTURE_AUTORELEASING = YES;
				CLANG_WARN_BOOL_CONVERSION = YES;
				CLANG_WARN_COMMA = YES;
				CLANG_WARN_CONSTANT_CONVERSION = YES;
				CLANG_WARN_DEPRECATED_OBJC_IMPLEMENTATIONS = YES;
				CLANG_WARN_DIRECT_OBJC_ISA_USAGE = YES_ERROR;
				CLANG_WARN_DOCUMENTATION_COMMENTS = YES;
				CLANG_WARN_EMPTY_BODY = YES;
				CLANG_WARN_ENUM_CONVERSION = YES;
				CLANG_WARN_INFINITE_RECURSION = YES;
				CLANG_WARN_INT_CONVERSION = YES;
				CLANG_WARN_NON_LITERAL_NULL_CONVERSION = YES;
				CLANG_WARN_OBJC_IMPLICIT_RETAIN_SELF = YES;
				CLANG_WARN_OBJC_LITERAL_CONVERSION = YES;
				CLANG_WARN_OBJC_ROOT_CLASS = YES_ERROR;
				CLANG_WARN_RANGE_LOOP_ANALYSIS = YES;
				CLANG_WARN_STRICT_PROTOTYPES = YES;
				CLANG_WARN_SUSPICIOUS_MOVE = YES;
				CLANG_WARN_UNGUARDED_AVAILABILITY = YES_AGGRESSIVE;
				CLANG_WARN_UNREACHABLE_CODE = YES;
				CLANG_WARN__DUPLICATE_METHOD_MATCH = YES;
				CODE_SIGN_IDENTITY = "iPhone Developer";
				COPY_PHASE_STRIP = NO;
				CURRENT_PROJECT_VERSION = 1;
				DEBUG_INFORMATION_FORMAT = "dwarf-with-dsym";
				ENABLE_NS_ASSERTIONS = NO;
				ENABLE_STRICT_OBJC_MSGSEND = YES;
				GCC_C_LANGUAGE_STANDARD = gnu11;
				GCC_NO_COMMON_BLOCKS = YES;
				GCC_WARN_64_TO_32_BIT_CONVERSION = YES;
				GCC_WARN_ABOUT_RETURN_TYPE = YES_ERROR;
				GCC_WARN_UNDECLARED_SELECTOR = YES;
				GCC_WARN_UNINITIALIZED_AUTOS = YES_AGGRESSIVE;
				GCC_WARN_UNUSED_FUNCTION = YES;
				GCC_WARN_UNUSED_VARIABLE = YES;
				IPHONEOS_DEPLOYMENT_TARGET = 10.0;
				MTL_ENABLE_DEBUG_INFO = NO;
				SDKROOT = iphoneos;
				SWIFT_COMPILATION_MODE = wholemodule;
				SWIFT_OPTIMIZATION_LEVEL = "-O";
				VALIDATE_PRODUCT = YES;
				VERSIONING_SYSTEM = "apple-generic";
				VERSION_INFO_PREFIX = "";
			};
			name = Release;
		};
		AC1D44A921009EE9008E80B3 /* Debug */ = {
			isa = XCBuildConfiguration;
			buildSettings = {
				CLANG_ENABLE_MODULES = YES;
				CODE_SIGN_IDENTITY = "";
				CODE_SIGN_STYLE = Automatic;
				DEFINES_MODULE = YES;
				DEVELOPMENT_TEAM = 5CUBLSA9G4;
				DYLIB_COMPATIBILITY_VERSION = 1;
				DYLIB_CURRENT_VERSION = 1;
				DYLIB_INSTALL_NAME_BASE = "@rpath";
				FRAMEWORK_SEARCH_PATHS = "";
				INFOPLIST_FILE = Cards/Info.plist;
				INSTALL_PATH = "$(LOCAL_LIBRARY_DIR)/Frameworks";
				IPHONEOS_DEPLOYMENT_TARGET = 10.0;
				LD_RUNPATH_SEARCH_PATHS = (
					"$(inherited)",
					"@executable_path/Frameworks",
					"@loader_path/Frameworks",
				);
				PRODUCT_BUNDLE_IDENTIFIER = com.GeoffBurns.Cards;
				PRODUCT_NAME = "$(TARGET_NAME:c99extidentifier)";
				SKIP_INSTALL = YES;
				STRIP_INSTALLED_PRODUCT = NO;
				SWIFT_OPTIMIZATION_LEVEL = "-Onone";
				SWIFT_VERSION = 5.0;
				TARGETED_DEVICE_FAMILY = "1,2";
			};
			name = Debug;
		};
		AC1D44AA21009EE9008E80B3 /* Release */ = {
			isa = XCBuildConfiguration;
			buildSettings = {
				CLANG_ENABLE_MODULES = YES;
				CODE_SIGN_IDENTITY = "";
				CODE_SIGN_STYLE = Automatic;
				DEFINES_MODULE = YES;
				DEVELOPMENT_TEAM = 5CUBLSA9G4;
				DYLIB_COMPATIBILITY_VERSION = 1;
				DYLIB_CURRENT_VERSION = 1;
				DYLIB_INSTALL_NAME_BASE = "@rpath";
				FRAMEWORK_SEARCH_PATHS = "";
				INFOPLIST_FILE = Cards/Info.plist;
				INSTALL_PATH = "$(LOCAL_LIBRARY_DIR)/Frameworks";
				IPHONEOS_DEPLOYMENT_TARGET = 10.0;
				LD_RUNPATH_SEARCH_PATHS = (
					"$(inherited)",
					"@executable_path/Frameworks",
					"@loader_path/Frameworks",
				);
				PRODUCT_BUNDLE_IDENTIFIER = com.GeoffBurns.Cards;
				PRODUCT_NAME = "$(TARGET_NAME:c99extidentifier)";
				SKIP_INSTALL = YES;
				STRIP_INSTALLED_PRODUCT = NO;
				SWIFT_VERSION = 5.0;
				TARGETED_DEVICE_FAMILY = "1,2";
			};
			name = Release;
		};
		AC1D44AC21009EE9008E80B3 /* Debug */ = {
			isa = XCBuildConfiguration;
			buildSettings = {
				ALWAYS_EMBED_SWIFT_STANDARD_LIBRARIES = YES;
				CODE_SIGN_STYLE = Automatic;
				INFOPLIST_FILE = CardsTests/Info.plist;
				LD_RUNPATH_SEARCH_PATHS = (
					"$(inherited)",
					"@executable_path/Frameworks",
					"@loader_path/Frameworks",
				);
				PRODUCT_BUNDLE_IDENTIFIER = com.NereidsGold.CardsTests;
				PRODUCT_NAME = "$(TARGET_NAME)";
				SWIFT_VERSION = 5.0;
				TARGETED_DEVICE_FAMILY = "1,2";
			};
			name = Debug;
		};
		AC1D44AD21009EE9008E80B3 /* Release */ = {
			isa = XCBuildConfiguration;
			buildSettings = {
				ALWAYS_EMBED_SWIFT_STANDARD_LIBRARIES = YES;
				CODE_SIGN_STYLE = Automatic;
				INFOPLIST_FILE = CardsTests/Info.plist;
				LD_RUNPATH_SEARCH_PATHS = (
					"$(inherited)",
					"@executable_path/Frameworks",
					"@loader_path/Frameworks",
				);
				PRODUCT_BUNDLE_IDENTIFIER = com.NereidsGold.CardsTests;
				PRODUCT_NAME = "$(TARGET_NAME)";
				SWIFT_VERSION = 5.0;
				TARGETED_DEVICE_FAMILY = "1,2";
			};
			name = Release;
		};
/* End XCBuildConfiguration section */

/* Begin XCConfigurationList section */
		AC1D448E21009EE9008E80B3 /* Build configuration list for PBXProject "Cards" */ = {
			isa = XCConfigurationList;
			buildConfigurations = (
				AC1D44A621009EE9008E80B3 /* Debug */,
				AC1D44A721009EE9008E80B3 /* Release */,
			);
			defaultConfigurationIsVisible = 0;
			defaultConfigurationName = Release;
		};
		AC1D44A821009EE9008E80B3 /* Build configuration list for PBXNativeTarget "Cards" */ = {
			isa = XCConfigurationList;
			buildConfigurations = (
				AC1D44A921009EE9008E80B3 /* Debug */,
				AC1D44AA21009EE9008E80B3 /* Release */,
			);
			defaultConfigurationIsVisible = 0;
			defaultConfigurationName = Release;
		};
		AC1D44AB21009EE9008E80B3 /* Build configuration list for PBXNativeTarget "CardsTests" */ = {
			isa = XCConfigurationList;
			buildConfigurations = (
				AC1D44AC21009EE9008E80B3 /* Debug */,
				AC1D44AD21009EE9008E80B3 /* Release */,
			);
			defaultConfigurationIsVisible = 0;
			defaultConfigurationName = Release;
		};
/* End XCConfigurationList section */

/* Begin XCRemoteSwiftPackageReference section */
		AC99FDC8238F33DC009B2FCB /* XCRemoteSwiftPackageReference "RxSwift" */ = {
			isa = XCRemoteSwiftPackageReference;
			repositoryURL = "https://github.com/ReactiveX/RxSwift.git";
			requirement = {
				kind = upToNextMajorVersion;
				minimumVersion = 5.0.1;
			};
		};
/* End XCRemoteSwiftPackageReference section */

/* Begin XCSwiftPackageProductDependency section */
		AC99FDC9238F33DC009B2FCB /* RxSwift */ = {
			isa = XCSwiftPackageProductDependency;
			package = AC99FDC8238F33DC009B2FCB /* XCRemoteSwiftPackageReference "RxSwift" */;
			productName = RxSwift;
		};
		AC99FDCD238F33DC009B2FCB /* RxRelay */ = {
			isa = XCSwiftPackageProductDependency;
			package = AC99FDC8238F33DC009B2FCB /* XCRemoteSwiftPackageReference "RxSwift" */;
			productName = RxRelay;
		};
		AC99FDCF238F33DC009B2FCB /* RxCocoa */ = {
			isa = XCSwiftPackageProductDependency;
			package = AC99FDC8238F33DC009B2FCB /* XCRemoteSwiftPackageReference "RxSwift" */;
			productName = RxCocoa;
		};
/* End XCSwiftPackageProductDependency section */
	};
	rootObject = AC1D448B21009EE9008E80B3 /* Project object */;
}
